
Microsoft Visual Studio Solution File, Format Version 12.00
# Visual Studio Version 17
VisualStudioVersion = 17.12.35527.113
MinimumVisualStudioVersion = 10.0.40219.1
Project("{FAE04EC0-301F-11D3-BF4B-00C04F79EFBC}") = "ImageService", "ImageService\ImageService.csproj", "{2433CB4B-7689-460C-B80F-2B9878AC1120}"
EndProject
Project("{FAE04EC0-301F-11D3-BF4B-00C04F79EFBC}") = "ImageService.DAL", "ImageService.DAL\ImageService.DAL.csproj", "{2433CB4B-7689-460C-B80F-2B9878AC1121}"
EndProject
Project("{FAE04EC0-301F-11D3-BF4B-00C04F79EFBC}") = "ImageService.BLL", "ImageService.BLL\ImageService.BLL.csproj", "{2433CB4B-7689-460C-B80F-2B9878AC1122}"
EndProject
Global
	GlobalSection(SolutionConfigurationPlatforms) = preSolution
		Debug|Any CPU = Debug|Any CPU
		Release|Any CPU = Release|Any CPU
	EndGlobalSection
	GlobalSection(ProjectConfigurationPlatforms) = postSolution
		{2433CB4B-7689-460C-B80F-2B9878AC1120}.Debug|Any CPU.ActiveCfg = Debug|Any CPU
		{2433CB4B-7689-460C-B80F-2B9878AC1120}.Debug|Any CPU.Build.0 = Debug|Any CPU
		{2433CB4B-7689-460C-B80F-2B9878AC1120}.Release|Any CPU.ActiveCfg = Release|Any CPU
		{2433CB4B-7689-460C-B80F-2B9878AC1120}.Release|Any CPU.Build.0 = Release|Any CPU
		{2433CB4B-7689-460C-B80F-2B9878AC1121}.Debug|Any CPU.ActiveCfg = Debug|Any CPU
		{2433CB4B-7689-460C-B80F-2B9878AC1121}.Debug|Any CPU.Build.0 = Debug|Any CPU
		{2433CB4B-7689-460C-B80F-2B9878AC1121}.Release|Any CPU.ActiveCfg = Release|Any CPU
		{2433CB4B-7689-460C-B80F-2B9878AC1121}.Release|Any CPU.Build.0 = Release|Any CPU
		{2433CB4B-7689-460C-B80F-2B9878AC1122}.Debug|Any CPU.ActiveCfg = Debug|Any CPU
		{2433CB4B-7689-460C-B80F-2B9878AC1122}.Debug|Any CPU.Build.0 = Debug|Any CPU
		{2433CB4B-7689-460C-B80F-2B9878AC1122}.Release|Any CPU.ActiveCfg = Release|Any CPU
		{2433CB4B-7689-460C-B80F-2B9878AC1122}.Release|Any CPU.Build.0 = Release|Any CPU
	EndGlobalSection
	GlobalSection(SolutionProperties) = preSolution
		HideSolutionNode = FALSE
	EndGlobalSection
EndGlobal
